
Microsoft Visual Studio Solution File, Format Version 12.00
# Visual Studio Version 16
VisualStudioVersion = 16.0.30611.23
MinimumVisualStudioVersion = 10.0.40219.1
Project("{FAE04EC0-301F-11D3-BF4B-00C04F79EFBC}") = "Week2App.UWP", "Week2App\Week2App.UWP\Week2App.UWP.csproj", "{9C502DD3-547C-492F-9602-3520C9BB651F}"
EndProject
Project("{FAE04EC0-301F-11D3-BF4B-00C04F79EFBC}") = "Week2App.Android", "Week2App\Week2App.Android\Week2App.Android.csproj", "{77627B0D-C51A-4049-80CB-A8AE7DAD0AE4}"
EndProject
Project("{FAE04EC0-301F-11D3-BF4B-00C04F79EFBC}") = "Week2App.iOS", "Week2App\Week2App.iOS\Week2App.iOS.csproj", "{3540875B-AA99-43D4-B332-94323E800304}"
EndProject
Project("{FAE04EC0-301F-11D3-BF4B-00C04F79EFBC}") = "Week2App", "Week2App\Week2App\Week2App.csproj", "{0831C3CC-82BD-46E4-B3DA-4497BFEBC60A}"
EndProject
Global
	GlobalSection(SolutionConfigurationPlatforms) = preSolution
		Debug|Any CPU = Debug|Any CPU
		Debug|ARM = Debug|ARM
		Debug|iPhone = Debug|iPhone
		Debug|iPhoneSimulator = Debug|iPhoneSimulator
		Debug|x64 = Debug|x64
		Debug|x86 = Debug|x86
		Release|Any CPU = Release|Any CPU
		Release|ARM = Release|ARM
		Release|iPhone = Release|iPhone
		Release|iPhoneSimulator = Release|iPhoneSimulator
		Release|x64 = Release|x64
		Release|x86 = Release|x86
	EndGlobalSection
	GlobalSection(ProjectConfigurationPlatforms) = postSolution
		{9C502DD3-547C-492F-9602-3520C9BB651F}.Debug|Any CPU.ActiveCfg = Debug|x86
		{9C502DD3-547C-492F-9602-3520C9BB651F}.Debug|Any CPU.Build.0 = Debug|x86
		{9C502DD3-547C-492F-9602-3520C9BB651F}.Debug|Any CPU.Deploy.0 = Debug|x86
		{9C502DD3-547C-492F-9602-3520C9BB651F}.Debug|ARM.ActiveCfg = Debug|ARM
		{9C502DD3-547C-492F-9602-3520C9BB651F}.Debug|ARM.Build.0 = Debug|ARM
		{9C502DD3-547C-492F-9602-3520C9BB651F}.Debug|ARM.Deploy.0 = Debug|ARM
		{9C502DD3-547C-492F-9602-3520C9BB651F}.Debug|iPhone.ActiveCfg = Debug|x86
		{9C502DD3-547C-492F-9602-3520C9BB651F}.Debug|iPhone.Build.0 = Debug|x86
		{9C502DD3-547C-492F-9602-3520C9BB651F}.Debug|iPhone.Deploy.0 = Debug|x86
		{9C502DD3-547C-492F-9602-3520C9BB651F}.Debug|iPhoneSimulator.ActiveCfg = Debug|x86
		{9C502DD3-547C-492F-9602-3520C9BB651F}.Debug|iPhoneSimulator.Build.0 = Debug|x86
		{9C502DD3-547C-492F-9602-3520C9BB651F}.Debug|iPhoneSimulator.Deploy.0 = Debug|x86
		{9C502DD3-547C-492F-9602-3520C9BB651F}.Debug|x64.ActiveCfg = Debug|x64
		{9C502DD3-547C-492F-9602-3520C9BB651F}.Debug|x64.Build.0 = Debug|x64
		{9C502DD3-547C-492F-9602-3520C9BB651F}.Debug|x64.Deploy.0 = Debug|x64
		{9C502DD3-547C-492F-9602-3520C9BB651F}.Debug|x86.ActiveCfg = Debug|x86
		{9C502DD3-547C-492F-9602-3520C9BB651F}.Debug|x86.Build.0 = Debug|x86
		{9C502DD3-547C-492F-9602-3520C9BB651F}.Debug|x86.Deploy.0 = Debug|x86
		{9C502DD3-547C-492F-9602-3520C9BB651F}.Release|Any CPU.ActiveCfg = Release|x86
		{9C502DD3-547C-492F-9602-3520C9BB651F}.Release|Any CPU.Build.0 = Release|x86
		{9C502DD3-547C-492F-9602-3520C9BB651F}.Release|Any CPU.Deploy.0 = Release|x86
		{9C502DD3-547C-492F-9602-3520C9BB651F}.Release|ARM.ActiveCfg = Release|ARM
		{9C502DD3-547C-492F-9602-3520C9BB651F}.Release|ARM.Build.0 = Release|ARM
		{9C502DD3-547C-492F-9602-3520C9BB651F}.Release|ARM.Deploy.0 = Release|ARM
		{9C502DD3-547C-492F-9602-3520C9BB651F}.Release|iPhone.ActiveCfg = Release|x86
		{9C502DD3-547C-492F-9602-3520C9BB651F}.Release|iPhone.Build.0 = Release|x86
		{9C502DD3-547C-492F-9602-3520C9BB651F}.Release|iPhone.Deploy.0 = Release|x86
		{9C502DD3-547C-492F-9602-3520C9BB651F}.Release|iPhoneSimulator.ActiveCfg = Release|x86
		{9C502DD3-547C-492F-9602-3520C9BB651F}.Release|iPhoneSimulator.Build.0 = Release|x86
		{9C502DD3-547C-492F-9602-3520C9BB651F}.Release|iPhoneSimulator.Deploy.0 = Release|x86
		{9C502DD3-547C-492F-9602-3520C9BB651F}.Release|x64.ActiveCfg = Release|x64
		{9C502DD3-547C-492F-9602-3520C9BB651F}.Release|x64.Build.0 = Release|x64
		{9C502DD3-547C-492F-9602-3520C9BB651F}.Release|x64.Deploy.0 = Release|x64
		{9C502DD3-547C-492F-9602-3520C9BB651F}.Release|x86.ActiveCfg = Release|x86
		{9C502DD3-547C-492F-9602-3520C9BB651F}.Release|x86.Build.0 = Release|x86
		{9C502DD3-547C-492F-9602-3520C9BB651F}.Release|x86.Deploy.0 = Release|x86
		{77627B0D-C51A-4049-80CB-A8AE7DAD0AE4}.Debug|Any CPU.ActiveCfg = Debug|Any CPU
		{77627B0D-C51A-4049-80CB-A8AE7DAD0AE4}.Debug|Any CPU.Build.0 = Debug|Any CPU
		{77627B0D-C51A-4049-80CB-A8AE7DAD0AE4}.Debug|Any CPU.Deploy.0 = Debug|Any CPU
		{77627B0D-C51A-4049-80CB-A8AE7DAD0AE4}.Debug|ARM.ActiveCfg = Debug|Any CPU
		{77627B0D-C51A-4049-80CB-A8AE7DAD0AE4}.Debug|ARM.Build.0 = Debug|Any CPU
		{77627B0D-C51A-4049-80CB-A8AE7DAD0AE4}.Debug|ARM.Deploy.0 = Debug|Any CPU
		{77627B0D-C51A-4049-80CB-A8AE7DAD0AE4}.Debug|iPhone.ActiveCfg = Debug|Any CPU
		{77627B0D-C51A-4049-80CB-A8AE7DAD0AE4}.Debug|iPhone.Build.0 = Debug|Any CPU
		{77627B0D-C51A-4049-80CB-A8AE7DAD0AE4}.Debug|iPhone.Deploy.0 = Debug|Any CPU
		{77627B0D-C51A-4049-80CB-A8AE7DAD0AE4}.Debug|iPhoneSimulator.ActiveCfg = Debug|Any CPU
		{77627B0D-C51A-4049-80CB-A8AE7DAD0AE4}.Debug|iPhoneSimulator.Build.0 = Debug|Any CPU
		{77627B0D-C51A-4049-80CB-A8AE7DAD0AE4}.Debug|iPhoneSimulator.Deploy.0 = Debug|Any CPU
		{77627B0D-C51A-4049-80CB-A8AE7DAD0AE4}.Debug|x64.ActiveCfg = Debug|Any CPU
		{77627B0D-C51A-4049-80CB-A8AE7DAD0AE4}.Debug|x64.Build.0 = Debug|Any CPU
		{77627B0D-C51A-4049-80CB-A8AE7DAD0AE4}.Debug|x64.Deploy.0 = Debug|Any CPU
		{77627B0D-C51A-4049-80CB-A8AE7DAD0AE4}.Debug|x86.ActiveCfg = Debug|Any CPU
		{77627B0D-C51A-4049-80CB-A8AE7DAD0AE4}.Debug|x86.Build.0 = Debug|Any CPU
		{77627B0D-C51A-4049-80CB-A8AE7DAD0AE4}.Debug|x86.Deploy.0 = Debug|Any CPU
		{77627B0D-C51A-4049-80CB-A8AE7DAD0AE4}.Release|Any CPU.ActiveCfg = Release|Any CPU
		{77627B0D-C51A-4049-80CB-A8AE7DAD0AE4}.Release|Any CPU.Build.0 = Release|Any CPU
		{77627B0D-C51A-4049-80CB-A8AE7DAD0AE4}.Release|Any CPU.Deploy.0 = Release|Any CPU
		{77627B0D-C51A-4049-80CB-A8AE7DAD0AE4}.Release|ARM.ActiveCfg = Release|Any CPU
		{77627B0D-C51A-4049-80CB-A8AE7DAD0AE4}.Release|ARM.Build.0 = Release|Any CPU
		{77627B0D-C51A-4049-80CB-A8AE7DAD0AE4}.Release|ARM.Deploy.0 = Release|Any CPU
		{77627B0D-C51A-4049-80CB-A8AE7DAD0AE4}.Release|iPhone.ActiveCfg = Release|Any CPU
		{77627B0D-C51A-4049-80CB-A8AE7DAD0AE4}.Release|iPhone.Build.0 = Release|Any CPU
		{77627B0D-C51A-4049-80CB-A8AE7DAD0AE4}.Release|iPhone.Deploy.0 = Release|Any CPU
		{77627B0D-C51A-4049-80CB-A8AE7DAD0AE4}.Release|iPhoneSimulator.ActiveCfg = Release|Any CPU
		{77627B0D-C51A-4049-80CB-A8AE7DAD0AE4}.Release|iPhoneSimulator.Build.0 = Release|Any CPU
		{77627B0D-C51A-4049-80CB-A8AE7DAD0AE4}.Release|iPhoneSimulator.Deploy.0 = Release|Any CPU
		{77627B0D-C51A-4049-80CB-A8AE7DAD0AE4}.Release|x64.ActiveCfg = Release|Any CPU
		{77627B0D-C51A-4049-80CB-A8AE7DAD0AE4}.Release|x64.Build.0 = Release|Any CPU
		{77627B0D-C51A-4049-80CB-A8AE7DAD0AE4}.Release|x64.Deploy.0 = Release|Any CPU
		{77627B0D-C51A-4049-80CB-A8AE7DAD0AE4}.Release|x86.ActiveCfg = Release|Any CPU
		{77627B0D-C51A-4049-80CB-A8AE7DAD0AE4}.Release|x86.Build.0 = Release|Any CPU
		{77627B0D-C51A-4049-80CB-A8AE7DAD0AE4}.Release|x86.Deploy.0 = Release|Any CPU
		{3540875B-AA99-43D4-B332-94323E800304}.Debug|Any CPU.ActiveCfg = Debug|iPhoneSimulator
		{3540875B-AA99-43D4-B332-94323E800304}.Debug|Any CPU.Build.0 = Debug|iPhoneSimulator
		{3540875B-AA99-43D4-B332-94323E800304}.Debug|Any CPU.Deploy.0 = Debug|iPhoneSimulator
		{3540875B-AA99-43D4-B332-94323E800304}.Debug|ARM.ActiveCfg = Debug|iPhone
		{3540875B-AA99-43D4-B332-94323E800304}.Debug|ARM.Build.0 = Debug|iPhone
		{3540875B-AA99-43D4-B332-94323E800304}.Debug|ARM.Deploy.0 = Debug|iPhone
		{3540875B-AA99-43D4-B332-94323E800304}.Debug|iPhone.ActiveCfg = Debug|iPhone
		{3540875B-AA99-43D4-B332-94323E800304}.Debug|iPhone.Build.0 = Debug|iPhone
		{3540875B-AA99-43D4-B332-94323E800304}.Debug|iPhone.Deploy.0 = Debug|iPhone
		{3540875B-AA99-43D4-B332-94323E800304}.Debug|iPhoneSimulator.ActiveCfg = Debug|iPhoneSimulator
		{3540875B-AA99-43D4-B332-94323E800304}.Debug|iPhoneSimulator.Build.0 = Debug|iPhoneSimulator
		{3540875B-AA99-43D4-B332-94323E800304}.Debug|iPhoneSimulator.Deploy.0 = Debug|iPhoneSimulator
		{3540875B-AA99-43D4-B332-94323E800304}.Debug|x64.ActiveCfg = Debug|iPhoneSimulator
		{3540875B-AA99-43D4-B332-94323E800304}.Debug|x64.Build.0 = Debug|iPhoneSimulator
		{3540875B-AA99-43D4-B332-94323E800304}.Debug|x64.Deploy.0 = Debug|iPhoneSimulator
		{3540875B-AA99-43D4-B332-94323E800304}.Debug|x86.ActiveCfg = Debug|iPhoneSimulator
		{3540875B-AA99-43D4-B332-94323E800304}.Debug|x86.Build.0 = Debug|iPhoneSimulator
		{3540875B-AA99-43D4-B332-94323E800304}.Debug|x86.Deploy.0 = Debug|iPhoneSimulator
		{3540875B-AA99-43D4-B332-94323E800304}.Release|Any CPU.ActiveCfg = Release|iPhoneSimulator
		{3540875B-AA99-43D4-B332-94323E800304}.Release|Any CPU.Build.0 = Release|iPhoneSimulator
		{3540875B-AA99-43D4-B332-94323E800304}.Release|Any CPU.Deploy.0 = Release|iPhoneSimulator
		{3540875B-AA99-43D4-B332-94323E800304}.Release|ARM.ActiveCfg = Release|iPhoneSimulator
		{3540875B-AA99-43D4-B332-94323E800304}.Release|ARM.Build.0 = Release|iPhoneSimulator
		{3540875B-AA99-43D4-B332-94323E800304}.Release|ARM.Deploy.0 = Release|iPhoneSimulator
		{3540875B-AA99-43D4-B332-94323E800304}.Release|iPhone.ActiveCfg = Release|iPhone
		{3540875B-AA99-43D4-B332-94323E800304}.Release|iPhone.Build.0 = Release|iPhone
		{3540875B-AA99-43D4-B332-94323E800304}.Release|iPhone.Deploy.0 = Release|iPhone
		{3540875B-AA99-43D4-B332-94323E800304}.Release|iPhoneSimulator.ActiveCfg = Release|iPhoneSimulator
		{3540875B-AA99-43D4-B332-94323E800304}.Release|iPhoneSimulator.Build.0 = Release|iPhoneSimulator
		{3540875B-AA99-43D4-B332-94323E800304}.Release|iPhoneSimulator.Deploy.0 = Release|iPhoneSimulator
		{3540875B-AA99-43D4-B332-94323E800304}.Release|x64.ActiveCfg = Release|iPhoneSimulator
		{3540875B-AA99-43D4-B332-94323E800304}.Release|x64.Build.0 = Release|iPhoneSimulator
		{3540875B-AA99-43D4-B332-94323E800304}.Release|x64.Deploy.0 = Release|iPhoneSimulator
		{3540875B-AA99-43D4-B332-94323E800304}.Release|x86.ActiveCfg = Release|iPhoneSimulator
		{3540875B-AA99-43D4-B332-94323E800304}.Release|x86.Build.0 = Release|iPhoneSimulator
		{3540875B-AA99-43D4-B332-94323E800304}.Release|x86.Deploy.0 = Release|iPhoneSimulator
		{0831C3CC-82BD-46E4-B3DA-4497BFEBC60A}.Debug|Any CPU.ActiveCfg = Debug|Any CPU
		{0831C3CC-82BD-46E4-B3DA-4497BFEBC60A}.Debug|Any CPU.Build.0 = Debug|Any CPU
		{0831C3CC-82BD-46E4-B3DA-4497BFEBC60A}.Debug|Any CPU.Deploy.0 = Debug|Any CPU
		{0831C3CC-82BD-46E4-B3DA-4497BFEBC60A}.Debug|ARM.ActiveCfg = Debug|Any CPU
		{0831C3CC-82BD-46E4-B3DA-4497BFEBC60A}.Debug|ARM.Build.0 = Debug|Any CPU
		{0831C3CC-82BD-46E4-B3DA-4497BFEBC60A}.Debug|ARM.Deploy.0 = Debug|Any CPU
		{0831C3CC-82BD-46E4-B3DA-4497BFEBC60A}.Debug|iPhone.ActiveCfg = Debug|Any CPU
		{0831C3CC-82BD-46E4-B3DA-4497BFEBC60A}.Debug|iPhone.Build.0 = Debug|Any CPU
		{0831C3CC-82BD-46E4-B3DA-4497BFEBC60A}.Debug|iPhone.Deploy.0 = Debug|Any CPU
		{0831C3CC-82BD-46E4-B3DA-4497BFEBC60A}.Debug|iPhoneSimulator.ActiveCfg = Debug|Any CPU
		{0831C3CC-82BD-46E4-B3DA-4497BFEBC60A}.Debug|iPhoneSimulator.Build.0 = Debug|Any CPU
		{0831C3CC-82BD-46E4-B3DA-4497BFEBC60A}.Debug|iPhoneSimulator.Deploy.0 = Debug|Any CPU
		{0831C3CC-82BD-46E4-B3DA-4497BFEBC60A}.Debug|x64.ActiveCfg = Debug|Any CPU
		{0831C3CC-82BD-46E4-B3DA-4497BFEBC60A}.Debug|x64.Build.0 = Debug|Any CPU
		{0831C3CC-82BD-46E4-B3DA-4497BFEBC60A}.Debug|x64.Deploy.0 = Debug|Any CPU
		{0831C3CC-82BD-46E4-B3DA-4497BFEBC60A}.Debug|x86.ActiveCfg = Debug|Any CPU
		{0831C3CC-82BD-46E4-B3DA-4497BFEBC60A}.Debug|x86.Build.0 = Debug|Any CPU
		{0831C3CC-82BD-46E4-B3DA-4497BFEBC60A}.Debug|x86.Deploy.0 = Debug|Any CPU
		{0831C3CC-82BD-46E4-B3DA-4497BFEBC60A}.Release|Any CPU.ActiveCfg = Release|Any CPU
		{0831C3CC-82BD-46E4-B3DA-4497BFEBC60A}.Release|Any CPU.Build.0 = Release|Any CPU
		{0831C3CC-82BD-46E4-B3DA-4497BFEBC60A}.Release|Any CPU.Deploy.0 = Release|Any CPU
		{0831C3CC-82BD-46E4-B3DA-4497BFEBC60A}.Release|ARM.ActiveCfg = Release|Any CPU
		{0831C3CC-82BD-46E4-B3DA-4497BFEBC60A}.Release|ARM.Build.0 = Release|Any CPU
		{0831C3CC-82BD-46E4-B3DA-4497BFEBC60A}.Release|ARM.Deploy.0 = Release|Any CPU
		{0831C3CC-82BD-46E4-B3DA-4497BFEBC60A}.Release|iPhone.ActiveCfg = Release|Any CPU
		{0831C3CC-82BD-46E4-B3DA-4497BFEBC60A}.Release|iPhone.Build.0 = Release|Any CPU
		{0831C3CC-82BD-46E4-B3DA-4497BFEBC60A}.Release|iPhone.Deploy.0 = Release|Any CPU
		{0831C3CC-82BD-46E4-B3DA-4497BFEBC60A}.Release|iPhoneSimulator.ActiveCfg = Release|Any CPU
		{0831C3CC-82BD-46E4-B3DA-4497BFEBC60A}.Release|iPhoneSimulator.Build.0 = Release|Any CPU
		{0831C3CC-82BD-46E4-B3DA-4497BFEBC60A}.Release|iPhoneSimulator.Deploy.0 = Release|Any CPU
		{0831C3CC-82BD-46E4-B3DA-4497BFEBC60A}.Release|x64.ActiveCfg = Release|Any CPU
		{0831C3CC-82BD-46E4-B3DA-4497BFEBC60A}.Release|x64.Build.0 = Release|Any CPU
		{0831C3CC-82BD-46E4-B3DA-4497BFEBC60A}.Release|x64.Deploy.0 = Release|Any CPU
		{0831C3CC-82BD-46E4-B3DA-4497BFEBC60A}.Release|x86.ActiveCfg = Release|Any CPU
		{0831C3CC-82BD-46E4-B3DA-4497BFEBC60A}.Release|x86.Build.0 = Release|Any CPU
		{0831C3CC-82BD-46E4-B3DA-4497BFEBC60A}.Release|x86.Deploy.0 = Release|Any CPU
	EndGlobalSection
	GlobalSection(SolutionProperties) = preSolution
		HideSolutionNode = FALSE
	EndGlobalSection
	GlobalSection(ExtensibilityGlobals) = postSolution
		SolutionGuid = {0F96C19C-DA3A-4BAA-A2FA-0C036046A34D}
	EndGlobalSection
EndGlobal
